
Microsoft Visual Studio Solution File, Format Version 12.00
# Visual Studio Version 18
VisualStudioVersion = 18.4.11620.152 stable
MinimumVisualStudioVersion = 10.0.40219.1
Project("{FAE04EC0-301F-11D3-BF4B-00C04F79EFBC}") = "srt", "srt.csproj", "{5B12F523-BC02-5684-336B-A4039038C21F}"
EndProject
Global
	GlobalSection(SolutionConfigurationPlatforms) = preSolution
		Debug|Any CPU = Debug|Any CPU
		Release|Any CPU = Release|Any CPU
	EndGlobalSection
	GlobalSection(ProjectConfigurationPlatforms) = postSolution
		{5B12F523-BC02-5684-336B-A4039038C21F}.Debug|Any CPU.ActiveCfg = Debug|Any CPU
		{5B12F523-BC02-5684-336B-A4039038C21F}.Debug|Any CPU.Build.0 = Debug|Any CPU
		{5B12F523-BC02-5684-336B-A4039038C21F}.Release|Any CPU.ActiveCfg = Release|Any CPU
		{5B12F523-BC02-5684-336B-A4039038C21F}.Release|Any CPU.Build.0 = Release|Any CPU
	EndGlobalSection
	GlobalSection(SolutionProperties) = preSolution
		HideSolutionNode = FALSE
	EndGlobalSection
	GlobalSection(ExtensibilityGlobals) = postSolution
		SolutionGuid = {7E55E379-EDB8-4429-A3E8-2AAB764EFFD9}
	EndGlobalSection
EndGlobal
